// !$*UTF8*$!
{
	archiveVersion = 1;
	classes = {
	};
	objectVersion = 46;
	objects = {

/* Begin PBXBuildFile section */
		30467B0C1C10FA4500221089 /* UIImage+Utility.m in Sources */ = {isa = PBXBuildFile; fileRef = 30467B0B1C10FA4500221089 /* UIImage+Utility.m */; };
		30F7A5E01C10D37A00509EE5 /* AppDelegate.swift in Sources */ = {isa = PBXBuildFile; fileRef = 30F7A5DF1C10D37A00509EE5 /* AppDelegate.swift */; };
		30F7A5E21C10D37A00509EE5 /* ViewController.swift in Sources */ = {isa = PBXBuildFile; fileRef = 30F7A5E11C10D37A00509EE5 /* ViewController.swift */; };
		30F7A5E51C10D37A00509EE5 /* Main.storyboard in Resources */ = {isa = PBXBuildFile; fileRef = 30F7A5E31C10D37A00509EE5 /* Main.storyboard */; };
		30F7A5E71C10D37A00509EE5 /* Assets.xcassets in Resources */ = {isa = PBXBuildFile; fileRef = 30F7A5E61C10D37A00509EE5 /* Assets.xcassets */; };
		30F7A5EA1C10D37A00509EE5 /* LaunchScreen.storyboard in Resources */ = {isa = PBXBuildFile; fileRef = 30F7A5E81C10D37A00509EE5 /* LaunchScreen.storyboard */; };
		30F7A5F41C10DD4200509EE5 /* Bubble.swift in Sources */ = {isa = PBXBuildFile; fileRef = 30F7A5F31C10DD4200509EE5 /* Bubble.swift */; };
/* End PBXBuildFile section */

/* Begin PBXFileReference section */
		30467B091C10FA4400221089 /* ThingForTheThing-Bridging-Header.h */ = {isa = PBXFileReference; lastKnownFileType = sourcecode.c.h; path = "ThingForTheThing-Bridging-Header.h"; sourceTree = "<group>"; };
		30467B0A1C10FA4500221089 /* UIImage+Utility.h */ = {isa = PBXFileReference; fileEncoding = 4; lastKnownFileType = sourcecode.c.h; path = "UIImage+Utility.h"; sourceTree = "<group>"; };
		30467B0B1C10FA4500221089 /* UIImage+Utility.m */ = {isa = PBXFileReference; fileEncoding = 4; lastKnownFileType = sourcecode.c.objc; path = "UIImage+Utility.m"; sourceTree = "<group>"; };
		30F7A5DC1C10D37A00509EE5 /* ThingForTheThing.app */ = {isa = PBXFileReference; explicitFileType = wrapper.application; includeInIndex = 0; path = ThingForTheThing.app; sourceTree = BUILT_PRODUCTS_DIR; };
		30F7A5DF1C10D37A00509EE5 /* AppDelegate.swift */ = {isa = PBXFileReference; lastKnownFileType = sourcecode.swift; path = AppDelegate.swift; sourceTree = "<group>"; };
		30F7A5E11C10D37A00509EE5 /* ViewController.swift */ = {isa = PBXFileReference; lastKnownFileType = sourcecode.swift; path = ViewController.swift; sourceTree = "<group>"; };
		30F7A5E41C10D37A00509EE5 /* Base */ = {isa = PBXFileReference; lastKnownFileType = file.storyboard; name = Base; path = Base.lproj/Main.storyboard; sourceTree = "<group>"; };
		30F7A5E61C10D37A00509EE5 /* Assets.xcassets */ = {isa = PBXFileReference; lastKnownFileType = folder.assetcatalog; path = Assets.xcassets; sourceTree = "<group>"; };
		30F7A5E91C10D37A00509EE5 /* Base */ = {isa = PBXFileReference; lastKnownFileType = file.storyboard; name = Base; path = Base.lproj/LaunchScreen.storyboard; sourceTree = "<group>"; };
		30F7A5EB1C10D37A00509EE5 /* Info.plist */ = {isa = PBXFileReference; lastKnownFileType = text.plist.xml; path = Info.plist; sourceTree = "<group>"; };
		30F7A5F31C10DD4200509EE5 /* Bubble.swift */ = {isa = PBXFileReference; fileEncoding = 4; lastKnownFileType = sourcecode.swift; path = Bubble.swift; sourceTree = "<group>"; };
/* End PBXFileReference section */

/* Begin PBXFrameworksBuildPhase section */
		30F7A5D91C10D37A00509EE5 /* Frameworks */ = {
			isa = PBXFrameworksBuildPhase;
			buildActionMask = 2147483647;
			files = (
			);
			runOnlyForDeploymentPostprocessing = 0;
		};
/* End PBXFrameworksBuildPhase section */

/* Begin PBXGroup section */
		30F7A5D31C10D37900509EE5 = {
			isa = PBXGroup;
			children = (
				30F7A5DE1C10D37A00509EE5 /* ThingForTheThing */,
				30F7A5DD1C10D37A00509EE5 /* Products */,
			);
			sourceTree = "<group>";
		};
		30F7A5DD1C10D37A00509EE5 /* Products */ = {
			isa = PBXGroup;
			children = (
				30F7A5DC1C10D37A00509EE5 /* ThingForTheThing.app */,
			);
			name = Products;
			sourceTree = "<group>";
		};
		30F7A5DE1C10D37A00509EE5 /* ThingForTheThing */ = {
			isa = PBXGroup;
			children = (
				30F7A5DF1C10D37A00509EE5 /* AppDelegate.swift */,
				30F7A5E11C10D37A00509EE5 /* ViewController.swift */,
				30F7A5F31C10DD4200509EE5 /* Bubble.swift */,
				30F7A5E31C10D37A00509EE5 /* Main.storyboard */,
				30F7A5E61C10D37A00509EE5 /* Assets.xcassets */,
				30F7A5E81C10D37A00509EE5 /* LaunchScreen.storyboard */,
				30F7A5EB1C10D37A00509EE5 /* Info.plist */,
				30467B0A1C10FA4500221089 /* UIImage+Utility.h */,
				30467B0B1C10FA4500221089 /* UIImage+Utility.m */,
				30467B091C10FA4400221089 /* ThingForTheThing-Bridging-Header.h */,
			);
			path = ThingForTheThing;
			sourceTree = "<group>";
		};
/* End PBXGroup section */

/* Begin PBXNativeTarget section */
		30F7A5DB1C10D37A00509EE5 /* ThingForTheThing */ = {
			isa = PBXNativeTarget;
			buildConfigurationList = 30F7A5EE1C10D37A00509EE5 /* Build configuration list for PBXNativeTarget "ThingForTheThing" */;
			buildPhases = (
				30F7A5D81C10D37A00509EE5 /* Sources */,
				30F7A5D91C10D37A00509EE5 /* Frameworks */,
				30F7A5DA1C10D37A00509EE5 /* Resources */,
			);
			buildRules = (
			);
			dependencies = (
			);
			name = ThingForTheThing;
			productName = ThingForTheThing;
			productReference = 30F7A5DC1C10D37A00509EE5 /* ThingForTheThing.app */;
			productType = "com.apple.product-type.application";
		};
/* End PBXNativeTarget section */

/* Begin PBXProject section */
		30F7A5D41C10D37900509EE5 /* Project object */ = {
			isa = PBXProject;
			attributes = {
				LastSwiftUpdateCheck = 0710;
				LastUpgradeCheck = 0710;
				ORGANIZATIONNAME = indiePixel;
				TargetAttributes = {
					30F7A5DB1C10D37A00509EE5 = {
						CreatedOnToolsVersion = 7.1.1;
					};
				};
			};
			buildConfigurationList = 30F7A5D71C10D37900509EE5 /* Build configuration list for PBXProject "ThingForTheThing" */;
			compatibilityVersion = "Xcode 3.2";
			developmentRegion = English;
			hasScannedForEncodings = 0;
			knownRegions = (
				en,
				Base,
			);
			mainGroup = 30F7A5D31C10D37900509EE5;
			productRefGroup = 30F7A5DD1C10D37A00509EE5 /* Products */;
			projectDirPath = "";
			projectRoot = "";
			targets = (
				30F7A5DB1C10D37A00509EE5 /* ThingForTheThing */,
			);
		};
/* End PBXProject section */

/* Begin PBXResourcesBuildPhase section */
		30F7A5DA1C10D37A00509EE5 /* Resources */ = {
			isa = PBXResourcesBuildPhase;
			buildActionMask = 2147483647;
			files = (
				30F7A5EA1C10D37A00509EE5 /* LaunchScreen.storyboard in Resources */,
				30F7A5E71C10D37A00509EE5 /* Assets.xcassets in Resources */,
				30F7A5E51C10D37A00509EE5 /* Main.storyboard in Resources */,
			);
			runOnlyForDeploymentPostprocessing = 0;
		};
/* End PBXResourcesBuildPhase section */

/* Begin PBXSourcesBuildPhase section */
		30F7A5D81C10D37A00509EE5 /* Sources */ = {
			isa = PBXSourcesBuildPhase;
			buildActionMask = 2147483647;
			files = (
				30467B0C1C10FA4500221089 /* UIImage+Utility.m in Sources */,
				30F7A5E21C10D37A00509EE5 /* ViewController.swift in Sources */,
				30F7A5F41C10DD4200509EE5 /* Bubble.swift in Sources */,
				30F7A5E01C10D37A00509EE5 /* AppDelegate.swift in Sources */,
			);
			runOnlyForDeploymentPostprocessing = 0;
		};
/* End PBXSourcesBuildPhase section */

/* Begin PBXVariantGroup section */
		30F7A5E31C10D37A00509EE5 /* Main.storyboard */ = {
			isa = PBXVariantGroup;
			children = (
				30F7A5E41C10D37A00509EE5 /* Base */,
			);
			name = Main.storyboard;
			sourceTree = "<group>";
		};
		30F7A5E81C10D37A00509EE5 /* LaunchScreen.storyboard */ = {
			isa = PBXVariantGroup;
			children = (
				30F7A5E91C10D37A00509EE5 /* Base */,
			);
			name = LaunchScreen.storyboard;
			sourceTree = "<group>";
		};
/* End PBXVariantGroup section */

/* Begin XCBuildConfiguration section */
		30F7A5EC1C10D37A00509EE5 /* Debug */ = {
			isa = XCBuildConfiguration;
			buildSettings = {
				ALWAYS_SEARCH_USER_PATHS = NO;
				CLANG_CXX_LANGUAGE_STANDARD = "gnu++0x";
				CLANG_CXX_LIBRARY = "libc++";
				CLANG_ENABLE_MODULES = YES;
				CLANG_ENABLE_OBJC_ARC = YES;
				CLANG_WARN_BOOL_CONVERSION = YES;
				CLANG_WARN_CONSTANT_CONVERSION = YES;
				CLANG_WARN_DIRECT_OBJC_ISA_USAGE = YES_ERROR;
				CLANG_WARN_EMPTY_BODY = YES;
				CLANG_WARN_ENUM_CONVERSION = YES;
				CLANG_WARN_INT_CONVERSION = YES;
				CLANG_WARN_OBJC_ROOT_CLASS = YES_ERROR;
				CLANG_WARN_UNREACHABLE_CODE = YES;
				CLANG_WARN__DUPLICATE_METHOD_MATCH = YES;
				"CODE_SIGN_IDENTITY[sdk=iphoneos*]" = "iPhone Developer";
				COPY_PHASE_STRIP = NO;
				DEBUG_INFORMATION_FORMAT = dwarf;
				ENABLE_STRICT_OBJC_MSGSEND = YES;
				ENABLE_TESTABILITY = YES;
				GCC_C_LANGUAGE_STANDARD = gnu99;
				GCC_DYNAMIC_NO_PIC = NO;
				GCC_NO_COMMON_BLOCKS = YES;
				GCC_OPTIMIZATION_LEVEL = 0;
				GCC_PREPROCESSOR_DEFINITIONS = (
					"DEBUG=1",
					"$(inherited)",
				);
				GCC_WARN_64_TO_32_BIT_CONVERSION = YES;
				GCC_WARN_ABOUT_RETURN_TYPE = YES_ERROR;
				GCC_WARN_UNDECLARED_SELECTOR = YES;
				GCC_WARN_UNINITIALIZED_AUTOS = YES_AGGRESSIVE;
				GCC_WARN_UNUSED_FUNCTION = YES;
				GCC_WARN_UNUSED_VARIABLE = YES;
				IPHONEOS_DEPLOYMENT_TARGET = 9.1;
				MTL_ENABLE_DEBUG_INFO = YES;
				ONLY_ACTIVE_ARCH = YES;
				SDKROOT = iphoneos;
				SWIFT_OPTIMIZATION_LEVEL = "-Onone";
			};
			name = Debug;
		};
		30F7A5ED1C10D37A00509EE5 /* Release */ = {
			isa = XCBuildConfiguration;
			buildSettings = {
				ALWAYS_SEARCH_USER_PATHS = NO;
				CLANG_CXX_LANGUAGE_STANDARD = "gnu++0x";
				CLANG_CXX_LIBRARY = "libc++";
				CLANG_ENABLE_MODULES = YES;
				CLANG_ENABLE_OBJC_ARC = YES;
				CLANG_WARN_BOOL_CONVERSION = YES;
				CLANG_WARN_CONSTANT_CONVERSION = YES;
				CLANG_WARN_DIRECT_OBJC_ISA_USAGE = YES_ERROR;
				CLANG_WARN_EMPTY_BODY = YES;
				CLANG_WARN_ENUM_CONVERSION = YES;
				CLANG_WARN_INT_CONVERSION = YES;
				CLANG_WARN_OBJC_ROOT_CLASS = YES_ERROR;
				CLANG_WARN_UNREACHABLE_CODE = YES;
				CLANG_WARN__DUPLICATE_METHOD_MATCH = YES;
				"CODE_SIGN_IDENTITY[sdk=iphoneos*]" = "iPhone Developer";
				COPY_PHASE_STRIP = NO;
				DEBUG_INFORMATION_FORMAT = "dwarf-with-dsym";
				ENABLE_NS_ASSERTIONS = NO;
				ENABLE_STRICT_OBJC_MSGSEND = YES;
				GCC_C_LANGUAGE_STANDARD = gnu99;
				GCC_NO_COMMON_BLOCKS = YES;
				GCC_WARN_64_TO_32_BIT_CONVERSION = YES;
				GCC_WARN_ABOUT_RETURN_TYPE = YES_ERROR;
				GCC_WARN_UNDECLARED_SELECTOR = YES;
				GCC_WARN_UNINITIALIZED_AUTOS = YES_AGGRESSIVE;
				GCC_WARN_UNUSED_FUNCTION = YES;
				GCC_WARN_UNUSED_VARIABLE = YES;
				IPHONEOS_DEPLOYMENT_TARGET = 9.1;
				MTL_ENABLE_DEBUG_INFO = NO;
				SDKROOT = iphoneos;
				VALIDATE_PRODUCT = YES;
			};
			name = Release;
		};
		30F7A5EF1C10D37A00509EE5 /* Debug */ = {
			isa = XCBuildConfiguration;
			buildSettings = {
				ASSETCATALOG_COMPILER_APPICON_NAME = AppIcon;
				CLANG_ENABLE_MODULES = YES;
				INFOPLIST_FILE = ThingForTheThing/Info.plist;
				LD_RUNPATH_SEARCH_PATHS = "$(inherited) @executable_path/Frameworks";
				PRODUCT_BUNDLE_IDENTIFIER = com.ryanmsmith.ThingForTheThing;
				PRODUCT_NAME = "$(TARGET_NAME)";
				SWIFT_OBJC_BRIDGING_HEADER = "ThingForTheThing/ThingForTheThing-Bridging-Header.h";
				SWIFT_OPTIMIZATION_LEVEL = "-Onone";
			};
			name = Debug;
		};
		30F7A5F01C10D37A00509EE5 /* Release */ = {
			isa = XCBuildConfiguration;
			buildSettings = {
				ASSETCATALOG_COMPILER_APPICON_NAME = AppIcon;
				CLANG_ENABLE_MODULES = YES;
				INFOPLIST_FILE = ThingForTheThing/Info.plist;
				LD_RUNPATH_SEARCH_PATHS = "$(inherited) @executable_path/Frameworks";
				PRODUCT_BUNDLE_IDENTIFIER = com.ryanmsmith.ThingForTheThing;
				PRODUCT_NAME = "$(TARGET_NAME)";
				SWIFT_OBJC_BRIDGING_HEADER = "ThingForTheThing/ThingForTheThing-Bridging-Header.h";
			};
			name = Release;
		};
/* End XCBuildConfiguration section */

/* Begin XCConfigurationList section */
		30F7A5D71C10D37900509EE5 /* Build configuration list for PBXProject "ThingForTheThing" */ = {
			isa = XCConfigurationList;
			buildConfigurations = (
				30F7A5EC1C10D37A00509EE5 /* Debug */,
				30F7A5ED1C10D37A00509EE5 /* Release */,
			);
			defaultConfigurationIsVisible = 0;
			defaultConfigurationName = Release;
		};
		30F7A5EE1C10D37A00509EE5 /* Build configuration list for PBXNativeTarget "ThingForTheThing" */ = {
			isa = XCConfigurationList;
			buildConfigurations = (
				30F7A5EF1C10D37A00509EE5 /* Debug */,
				30F7A5F01C10D37A00509EE5 /* Release */,
			);
			defaultConfigurationIsVisible = 0;
			defaultConfigurationName = Release;
		};
/* End XCConfigurationList section */
	};
	rootObject = 30F7A5D41C10D37900509EE5 /* Project object */;
}
